
Microsoft Visual Studio Solution File, Format Version 12.00
# Visual Studio Version 16
VisualStudioVersion = 16.0.28803.452
MinimumVisualStudioVersion = 10.0.40219.1
Project("{FAE04EC0-301F-11D3-BF4B-00C04F79EFBC}") = "EDA.Tests", "src\EDA.Tests\EDA.Tests.csproj", "{45FFDB33-003F-44A1-B481-599B13CB2CD7}"
EndProject
Global
	GlobalSection(SolutionConfigurationPlatforms) = preSolution
		Debug|Any CPU = Debug|Any CPU
		Release|Any CPU = Release|Any CPU
	EndGlobalSection
	GlobalSection(ProjectConfigurationPlatforms) = postSolution
		{45FFDB33-003F-44A1-B481-599B13CB2CD7}.Debug|Any CPU.ActiveCfg = Debug|Any CPU
		{45FFDB33-003F-44A1-B481-599B13CB2CD7}.Debug|Any CPU.Build.0 = Debug|Any CPU
		{45FFDB33-003F-44A1-B481-599B13CB2CD7}.Release|Any CPU.ActiveCfg = Release|Any CPU
		{45FFDB33-003F-44A1-B481-599B13CB2CD7}.Release|Any CPU.Build.0 = Release|Any CPU
	EndGlobalSection
	GlobalSection(SolutionProperties) = preSolution
		HideSolutionNode = FALSE
	EndGlobalSection
	GlobalSection(ExtensibilityGlobals) = postSolution
		SolutionGuid = {F6CB5A76-B349-464E-9C75-172EF8F0BFEB}
	EndGlobalSection
EndGlobal
