
Microsoft Visual Studio Solution File, Format Version 12.00
# Visual Studio Version 16
VisualStudioVersion = 16.0.30804.86
MinimumVisualStudioVersion = 10.0.40219.1
Project("{9092AA53-FB77-4645-B42D-1CCCA6BD08BD}") = "NodejsConsoleApp2", "NodejsConsoleApp2\NodejsConsoleApp2.njsproj", "{BDD571E5-0DBE-4C31-B995-6BD8B837720A}"
EndProject
Global
	GlobalSection(SolutionConfigurationPlatforms) = preSolution
		Debug|Any CPU = Debug|Any CPU
		Release|Any CPU = Release|Any CPU
	EndGlobalSection
	GlobalSection(ProjectConfigurationPlatforms) = postSolution
		{BDD571E5-0DBE-4C31-B995-6BD8B837720A}.Debug|Any CPU.ActiveCfg = Debug|Any CPU
		{BDD571E5-0DBE-4C31-B995-6BD8B837720A}.Debug|Any CPU.Build.0 = Debug|Any CPU
		{BDD571E5-0DBE-4C31-B995-6BD8B837720A}.Release|Any CPU.ActiveCfg = Release|Any CPU
		{BDD571E5-0DBE-4C31-B995-6BD8B837720A}.Release|Any CPU.Build.0 = Release|Any CPU
	EndGlobalSection
	GlobalSection(SolutionProperties) = preSolution
		HideSolutionNode = FALSE
	EndGlobalSection
	GlobalSection(ExtensibilityGlobals) = postSolution
		SolutionGuid = {5E1280B2-C060-4AFF-88AA-9AD3EC60F61D}
	EndGlobalSection
EndGlobal
