
Microsoft Visual Studio Solution File, Format Version 12.00
# Visual Studio Version 16
VisualStudioVersion = 16.0.29806.167
MinimumVisualStudioVersion = 10.0.40219.1
Project("{9A19103F-16F7-4668-BE54-9A1E7A4F7556}") = "Login.Tests", "4_Login\Login.Tests\Login.Tests.csproj", "{6AADFAB2-7F50-42A1-8479-48B7B4FAC8EF}"
EndProject
Project("{9A19103F-16F7-4668-BE54-9A1E7A4F7556}") = "Shipping.Tests", "3_2_order\Shipping.Tests\Shipping.Tests.csproj", "{853F596E-03B3-4728-85AF-121E7DFF0DA1}"
EndProject
Project("{2150E333-8FDC-42A3-9474-1A3956D46DE8}") = "3_2", "3_2", "{0DA80A02-D5CC-4E20-9E97-5237966BD7B3}"
EndProject
Project("{2150E333-8FDC-42A3-9474-1A3956D46DE8}") = "4", "4", "{3E16A181-272A-4AB4-B207-A8ABCD0EEC5B}"
EndProject
Project("{9A19103F-16F7-4668-BE54-9A1E7A4F7556}") = "Patitioning.Tests", "6_partitioning\Patitioning.Tests\Patitioning.Tests.csproj", "{AFD3681A-2D2A-4B40-8898-2B85A10B9723}"
EndProject
Project("{2150E333-8FDC-42A3-9474-1A3956D46DE8}") = "6", "6", "{D4368957-CE02-4BDD-AC16-E24C3B01D499}"
EndProject
Project("{9A19103F-16F7-4668-BE54-9A1E7A4F7556}") = "RPS.Tests", "1_rps\RPS.Tests\RPS.Tests.csproj", "{47FDE514-E32E-4822-9DB6-8D06FDDC87B1}"
EndProject
Project("{2150E333-8FDC-42A3-9474-1A3956D46DE8}") = "1", "1", "{0A80C2BA-E22E-42D7-A8EF-14A6F5B07F95}"
EndProject
Project("{9A19103F-16F7-4668-BE54-9A1E7A4F7556}") = "RPS.Tests", "2_rps\RPS.Tests\RPS.Tests.csproj", "{4305F7D5-B1AE-47D4-96D3-C665970F78CA}"
EndProject
Project("{2150E333-8FDC-42A3-9474-1A3956D46DE8}") = "2", "2", "{8F0753F4-A41F-40B3-AB14-78063D6B91EF}"
EndProject
Project("{2150E333-8FDC-42A3-9474-1A3956D46DE8}") = "3_1", "3_1", "{3123DBD6-9CAA-4860-B34E-735EA5FA975B}"
EndProject
Project("{9A19103F-16F7-4668-BE54-9A1E7A4F7556}") = "Shipping.Tests", "3_1_order\Shipping.Tests\Shipping.Tests.csproj", "{48BD6CAE-90DA-4917-B9B6-1AC804CE47FE}"
EndProject
Project("{9A19103F-16F7-4668-BE54-9A1E7A4F7556}") = "EventStore.Tests", "7_eventstore\EventStore.Tests\EventStore.Tests.csproj", "{2C62637E-C9B3-4139-984B-F43370DB53D3}"
EndProject
Project("{2150E333-8FDC-42A3-9474-1A3956D46DE8}") = "7", "7", "{26DEFD9D-4284-44C0-A1F4-C2D7C118CE41}"
EndProject
Project("{2150E333-8FDC-42A3-9474-1A3956D46DE8}") = "5", "5", "{86169A3F-A7FA-4AB7-AA68-BFCA10B70216}"
EndProject
Project("{9A19103F-16F7-4668-BE54-9A1E7A4F7556}") = "Invariants.Tests", "5_invariants\Invariants.Tests\Invariants.Tests.csproj", "{5FE666BA-FA4F-46C5-A67F-6CAC61B9F835}"
EndProject
Project("{2150E333-8FDC-42A3-9474-1A3956D46DE8}") = "9", "9", "{2E516781-CB37-4649-A2E1-259EB878AE38}"
EndProject
Project("{9A19103F-16F7-4668-BE54-9A1E7A4F7556}") = "App.Tests", "9_app\App.Tests\App.Tests.csproj", "{2F2B4845-0304-41C8-9D32-21E2812F0EA2}"
EndProject
Project("{FAE04EC0-301F-11D3-BF4B-00C04F79EFBC}") = "Query.Tests", "8_query\Query.Tests\Query.Tests.csproj", "{A1A76D18-43C6-4D51-BF37-C8AE0ABA7441}"
EndProject
Project("{2150E333-8FDC-42A3-9474-1A3956D46DE8}") = "8", "8", "{AAE770D2-B859-45F0-951C-4DDDFF83DF8C}"
EndProject
Global
	GlobalSection(SolutionConfigurationPlatforms) = preSolution
		Debug|Any CPU = Debug|Any CPU
		Release|Any CPU = Release|Any CPU
	EndGlobalSection
	GlobalSection(ProjectConfigurationPlatforms) = postSolution
		{6AADFAB2-7F50-42A1-8479-48B7B4FAC8EF}.Debug|Any CPU.ActiveCfg = Debug|Any CPU
		{6AADFAB2-7F50-42A1-8479-48B7B4FAC8EF}.Debug|Any CPU.Build.0 = Debug|Any CPU
		{6AADFAB2-7F50-42A1-8479-48B7B4FAC8EF}.Release|Any CPU.ActiveCfg = Release|Any CPU
		{6AADFAB2-7F50-42A1-8479-48B7B4FAC8EF}.Release|Any CPU.Build.0 = Release|Any CPU
		{853F596E-03B3-4728-85AF-121E7DFF0DA1}.Debug|Any CPU.ActiveCfg = Debug|Any CPU
		{853F596E-03B3-4728-85AF-121E7DFF0DA1}.Debug|Any CPU.Build.0 = Debug|Any CPU
		{853F596E-03B3-4728-85AF-121E7DFF0DA1}.Release|Any CPU.ActiveCfg = Release|Any CPU
		{853F596E-03B3-4728-85AF-121E7DFF0DA1}.Release|Any CPU.Build.0 = Release|Any CPU
		{AFD3681A-2D2A-4B40-8898-2B85A10B9723}.Debug|Any CPU.ActiveCfg = Debug|Any CPU
		{AFD3681A-2D2A-4B40-8898-2B85A10B9723}.Debug|Any CPU.Build.0 = Debug|Any CPU
		{AFD3681A-2D2A-4B40-8898-2B85A10B9723}.Release|Any CPU.ActiveCfg = Release|Any CPU
		{AFD3681A-2D2A-4B40-8898-2B85A10B9723}.Release|Any CPU.Build.0 = Release|Any CPU
		{47FDE514-E32E-4822-9DB6-8D06FDDC87B1}.Debug|Any CPU.ActiveCfg = Debug|Any CPU
		{47FDE514-E32E-4822-9DB6-8D06FDDC87B1}.Debug|Any CPU.Build.0 = Debug|Any CPU
		{47FDE514-E32E-4822-9DB6-8D06FDDC87B1}.Release|Any CPU.ActiveCfg = Release|Any CPU
		{47FDE514-E32E-4822-9DB6-8D06FDDC87B1}.Release|Any CPU.Build.0 = Release|Any CPU
		{4305F7D5-B1AE-47D4-96D3-C665970F78CA}.Debug|Any CPU.ActiveCfg = Debug|Any CPU
		{4305F7D5-B1AE-47D4-96D3-C665970F78CA}.Debug|Any CPU.Build.0 = Debug|Any CPU
		{4305F7D5-B1AE-47D4-96D3-C665970F78CA}.Release|Any CPU.ActiveCfg = Release|Any CPU
		{4305F7D5-B1AE-47D4-96D3-C665970F78CA}.Release|Any CPU.Build.0 = Release|Any CPU
		{48BD6CAE-90DA-4917-B9B6-1AC804CE47FE}.Debug|Any CPU.ActiveCfg = Debug|Any CPU
		{48BD6CAE-90DA-4917-B9B6-1AC804CE47FE}.Debug|Any CPU.Build.0 = Debug|Any CPU
		{48BD6CAE-90DA-4917-B9B6-1AC804CE47FE}.Release|Any CPU.ActiveCfg = Release|Any CPU
		{48BD6CAE-90DA-4917-B9B6-1AC804CE47FE}.Release|Any CPU.Build.0 = Release|Any CPU
		{2C62637E-C9B3-4139-984B-F43370DB53D3}.Debug|Any CPU.ActiveCfg = Debug|Any CPU
		{2C62637E-C9B3-4139-984B-F43370DB53D3}.Debug|Any CPU.Build.0 = Debug|Any CPU
		{2C62637E-C9B3-4139-984B-F43370DB53D3}.Release|Any CPU.ActiveCfg = Release|Any CPU
		{2C62637E-C9B3-4139-984B-F43370DB53D3}.Release|Any CPU.Build.0 = Release|Any CPU
		{5FE666BA-FA4F-46C5-A67F-6CAC61B9F835}.Debug|Any CPU.ActiveCfg = Debug|Any CPU
		{5FE666BA-FA4F-46C5-A67F-6CAC61B9F835}.Debug|Any CPU.Build.0 = Debug|Any CPU
		{5FE666BA-FA4F-46C5-A67F-6CAC61B9F835}.Release|Any CPU.ActiveCfg = Release|Any CPU
		{5FE666BA-FA4F-46C5-A67F-6CAC61B9F835}.Release|Any CPU.Build.0 = Release|Any CPU
		{2F2B4845-0304-41C8-9D32-21E2812F0EA2}.Debug|Any CPU.ActiveCfg = Debug|Any CPU
		{2F2B4845-0304-41C8-9D32-21E2812F0EA2}.Debug|Any CPU.Build.0 = Debug|Any CPU
		{2F2B4845-0304-41C8-9D32-21E2812F0EA2}.Release|Any CPU.ActiveCfg = Release|Any CPU
		{2F2B4845-0304-41C8-9D32-21E2812F0EA2}.Release|Any CPU.Build.0 = Release|Any CPU
		{A1A76D18-43C6-4D51-BF37-C8AE0ABA7441}.Debug|Any CPU.ActiveCfg = Debug|Any CPU
		{A1A76D18-43C6-4D51-BF37-C8AE0ABA7441}.Debug|Any CPU.Build.0 = Debug|Any CPU
		{A1A76D18-43C6-4D51-BF37-C8AE0ABA7441}.Release|Any CPU.ActiveCfg = Release|Any CPU
		{A1A76D18-43C6-4D51-BF37-C8AE0ABA7441}.Release|Any CPU.Build.0 = Release|Any CPU
	EndGlobalSection
	GlobalSection(SolutionProperties) = preSolution
		HideSolutionNode = FALSE
	EndGlobalSection
	GlobalSection(NestedProjects) = preSolution
		{6AADFAB2-7F50-42A1-8479-48B7B4FAC8EF} = {3E16A181-272A-4AB4-B207-A8ABCD0EEC5B}
		{853F596E-03B3-4728-85AF-121E7DFF0DA1} = {0DA80A02-D5CC-4E20-9E97-5237966BD7B3}
		{AFD3681A-2D2A-4B40-8898-2B85A10B9723} = {D4368957-CE02-4BDD-AC16-E24C3B01D499}
		{47FDE514-E32E-4822-9DB6-8D06FDDC87B1} = {0A80C2BA-E22E-42D7-A8EF-14A6F5B07F95}
		{4305F7D5-B1AE-47D4-96D3-C665970F78CA} = {8F0753F4-A41F-40B3-AB14-78063D6B91EF}
		{48BD6CAE-90DA-4917-B9B6-1AC804CE47FE} = {3123DBD6-9CAA-4860-B34E-735EA5FA975B}
		{2C62637E-C9B3-4139-984B-F43370DB53D3} = {26DEFD9D-4284-44C0-A1F4-C2D7C118CE41}
		{5FE666BA-FA4F-46C5-A67F-6CAC61B9F835} = {86169A3F-A7FA-4AB7-AA68-BFCA10B70216}
		{2F2B4845-0304-41C8-9D32-21E2812F0EA2} = {2E516781-CB37-4649-A2E1-259EB878AE38}
		{A1A76D18-43C6-4D51-BF37-C8AE0ABA7441} = {AAE770D2-B859-45F0-951C-4DDDFF83DF8C}
	EndGlobalSection
	GlobalSection(ExtensibilityGlobals) = postSolution
		SolutionGuid = {0C6E2052-0548-4143-98AE-7F10922E4054}
	EndGlobalSection
EndGlobal
